
Microsoft Visual Studio Solution File, Format Version 12.00
# Visual Studio Version 17
VisualStudioVersion = 17.0.31903.59
MinimumVisualStudioVersion = 10.0.40219.1
Project("{FAE04EC0-301F-11D3-BF4B-00C04F79EFBC}") = "SaasFactory.WebApi", "SaasFactory.WebApi\SaasFactory.WebApi.csproj", "{1671CFD4-6EAA-4B93-8D1C-A5247536BBB2}"
EndProject
Project("{FAE04EC0-301F-11D3-BF4B-00C04F79EFBC}") = "SaasFactory.AppHost", "SaasFactory.AppHost\SaasFactory.AppHost.csproj", "{FB42A1C7-DFF3-47AC-83E8-C0509DBEB312}"
EndProject
Project("{FAE04EC0-301F-11D3-BF4B-00C04F79EFBC}") = "SaasFactory.ServiceDefaults", "SaasFactory.ServiceDefaults\SaasFactory.ServiceDefaults.csproj", "{2F5B643C-8291-4E6C-AD09-3F9AEA2F550B}"
EndProject
Global
	GlobalSection(SolutionConfigurationPlatforms) = preSolution
		Debug|Any CPU = Debug|Any CPU
		Debug|x64 = Debug|x64
		Debug|x86 = Debug|x86
		Release|Any CPU = Release|Any CPU
		Release|x64 = Release|x64
		Release|x86 = Release|x86
	EndGlobalSection
	GlobalSection(ProjectConfigurationPlatforms) = postSolution
		{1671CFD4-6EAA-4B93-8D1C-A5247536BBB2}.Debug|Any CPU.ActiveCfg = Debug|Any CPU
		{1671CFD4-6EAA-4B93-8D1C-A5247536BBB2}.Debug|Any CPU.Build.0 = Debug|Any CPU
		{1671CFD4-6EAA-4B93-8D1C-A5247536BBB2}.Debug|x64.ActiveCfg = Debug|Any CPU
		{1671CFD4-6EAA-4B93-8D1C-A5247536BBB2}.Debug|x64.Build.0 = Debug|Any CPU
		{1671CFD4-6EAA-4B93-8D1C-A5247536BBB2}.Debug|x86.ActiveCfg = Debug|Any CPU
		{1671CFD4-6EAA-4B93-8D1C-A5247536BBB2}.Debug|x86.Build.0 = Debug|Any CPU
		{1671CFD4-6EAA-4B93-8D1C-A5247536BBB2}.Release|Any CPU.ActiveCfg = Release|Any CPU
		{1671CFD4-6EAA-4B93-8D1C-A5247536BBB2}.Release|Any CPU.Build.0 = Release|Any CPU
		{1671CFD4-6EAA-4B93-8D1C-A5247536BBB2}.Release|x64.ActiveCfg = Release|Any CPU
		{1671CFD4-6EAA-4B93-8D1C-A5247536BBB2}.Release|x64.Build.0 = Release|Any CPU
		{1671CFD4-6EAA-4B93-8D1C-A5247536BBB2}.Release|x86.ActiveCfg = Release|Any CPU
		{1671CFD4-6EAA-4B93-8D1C-A5247536BBB2}.Release|x86.Build.0 = Release|Any CPU
		{FB42A1C7-DFF3-47AC-83E8-C0509DBEB312}.Debug|Any CPU.ActiveCfg = Debug|Any CPU
		{FB42A1C7-DFF3-47AC-83E8-C0509DBEB312}.Debug|Any CPU.Build.0 = Debug|Any CPU
		{FB42A1C7-DFF3-47AC-83E8-C0509DBEB312}.Debug|x64.ActiveCfg = Debug|Any CPU
		{FB42A1C7-DFF3-47AC-83E8-C0509DBEB312}.Debug|x64.Build.0 = Debug|Any CPU
		{FB42A1C7-DFF3-47AC-83E8-C0509DBEB312}.Debug|x86.ActiveCfg = Debug|Any CPU
		{FB42A1C7-DFF3-47AC-83E8-C0509DBEB312}.Debug|x86.Build.0 = Debug|Any CPU
		{FB42A1C7-DFF3-47AC-83E8-C0509DBEB312}.Release|Any CPU.ActiveCfg = Release|Any CPU
		{FB42A1C7-DFF3-47AC-83E8-C0509DBEB312}.Release|Any CPU.Build.0 = Release|Any CPU
		{FB42A1C7-DFF3-47AC-83E8-C0509DBEB312}.Release|x64.ActiveCfg = Release|Any CPU
		{FB42A1C7-DFF3-47AC-83E8-C0509DBEB312}.Release|x64.Build.0 = Release|Any CPU
		{FB42A1C7-DFF3-47AC-83E8-C0509DBEB312}.Release|x86.ActiveCfg = Release|Any CPU
		{FB42A1C7-DFF3-47AC-83E8-C0509DBEB312}.Release|x86.Build.0 = Release|Any CPU
		{2F5B643C-8291-4E6C-AD09-3F9AEA2F550B}.Debug|Any CPU.ActiveCfg = Debug|Any CPU
		{2F5B643C-8291-4E6C-AD09-3F9AEA2F550B}.Debug|Any CPU.Build.0 = Debug|Any CPU
		{2F5B643C-8291-4E6C-AD09-3F9AEA2F550B}.Debug|x64.ActiveCfg = Debug|Any CPU
		{2F5B643C-8291-4E6C-AD09-3F9AEA2F550B}.Debug|x64.Build.0 = Debug|Any CPU
		{2F5B643C-8291-4E6C-AD09-3F9AEA2F550B}.Debug|x86.ActiveCfg = Debug|Any CPU
		{2F5B643C-8291-4E6C-AD09-3F9AEA2F550B}.Debug|x86.Build.0 = Debug|Any CPU
		{2F5B643C-8291-4E6C-AD09-3F9AEA2F550B}.Release|Any CPU.ActiveCfg = Release|Any CPU
		{2F5B643C-8291-4E6C-AD09-3F9AEA2F550B}.Release|Any CPU.Build.0 = Release|Any CPU
		{2F5B643C-8291-4E6C-AD09-3F9AEA2F550B}.Release|x64.ActiveCfg = Release|Any CPU
		{2F5B643C-8291-4E6C-AD09-3F9AEA2F550B}.Release|x64.Build.0 = Release|Any CPU
		{2F5B643C-8291-4E6C-AD09-3F9AEA2F550B}.Release|x86.ActiveCfg = Release|Any CPU
		{2F5B643C-8291-4E6C-AD09-3F9AEA2F550B}.Release|x86.Build.0 = Release|Any CPU
	EndGlobalSection
	GlobalSection(SolutionProperties) = preSolution
		HideSolutionNode = FALSE
	EndGlobalSection
EndGlobal
