
Microsoft Visual Studio Solution File, Format Version 12.00
# Visual Studio Version 17
VisualStudioVersion = 17.0.31903.59
MinimumVisualStudioVersion = 10.0.40219.1
Project("{FAE04EC0-301F-11D3-BF4B-00C04F79EFBC}") = "SaasFactory.WebApi", "SaasFactory.WebApi\SaasFactory.WebApi.csproj", "{1671CFD4-6EAA-4B93-8D1C-A5247536BBB2}"
EndProject
Project("{2150E333-8FDC-42A3-9474-1A3956D46DE8}") = "Modules", "Modules", "{87736412-D045-4242-9874-ADD1A57DEC83}"
EndProject
Project("{2150E333-8FDC-42A3-9474-1A3956D46DE8}") = "Event Sourcing", "Event Sourcing", "{F830B7BF-91F7-4ECC-893E-1352F83D8989}"
EndProject
Project("{2150E333-8FDC-42A3-9474-1A3956D46DE8}") = "Examples", "Examples", "{8033ECB7-5BE0-4904-BDF3-4C8DADC4CC3A}"
EndProject
Project("{2150E333-8FDC-42A3-9474-1A3956D46DE8}") = "Aspire", "Aspire", "{759F6B7A-30B1-4905-A506-B735D8876556}"
EndProject
Project("{2150E333-8FDC-42A3-9474-1A3956D46DE8}") = "Shared", "Shared", "{140A56BF-3C1D-4613-87AA-AFF27D7F2AD6}"
EndProject
Project("{2150E333-8FDC-42A3-9474-1A3956D46DE8}") = "MVC Controllers", "MVC Controllers", "{202EF6DF-5C30-4DF8-A94B-C4B4E5143FF5}"
EndProject
Project("{2150E333-8FDC-42A3-9474-1A3956D46DE8}") = "Feature Slicing", "Feature Slicing", "{8EB662C2-D48B-40FE-8084-9FBFD5FA8966}"
EndProject
Project("{FAE04EC0-301F-11D3-BF4B-00C04F79EFBC}") = "Modules.Examples.Restaurant.Menu", "Modules\Examples\Feature Slicing\Modules.Examples.Restaurant.Menu\Modules.Examples.Restaurant.Menu.csproj", "{0DA9A977-C498-4DA4-B98C-AD7D78757BA3}"
EndProject
Project("{FAE04EC0-301F-11D3-BF4B-00C04F79EFBC}") = "Modules.Examples.Bank.Account", "Modules\Examples\MVC Controllers\Modules.Examples.Bank.Account\Modules.Examples.Bank.Account.csproj", "{A6AFDA0A-D7C2-4396-B02E-DEBC1BFB82F9}"
EndProject
Project("{FAE04EC0-301F-11D3-BF4B-00C04F79EFBC}") = "SaasFactory.AppHost", "Aspire\SaasFactory.AppHost\SaasFactory.AppHost.csproj", "{B01E5148-9B4D-4F67-9CB9-8E693DB5D352}"
EndProject
Project("{FAE04EC0-301F-11D3-BF4B-00C04F79EFBC}") = "SaasFactory.ServiceDefaults", "Aspire\SaasFactory.ServiceDefaults\SaasFactory.ServiceDefaults.csproj", "{7E9745BD-AA25-41E8-B74E-E7A783C06C7F}"
EndProject
Project("{FAE04EC0-301F-11D3-BF4B-00C04F79EFBC}") = "SaasFactory.Shared.Config", "Shared\SaasFactory.Shared.Config\SaasFactory.Shared.Config.csproj", "{86C941B8-6733-4FB4-A0B3-CDE65DE0956A}"
EndProject
Project("{2150E333-8FDC-42A3-9474-1A3956D46DE8}") = "Common", "Common", "{837D400F-4891-419D-8F37-0D54D759716C}"
EndProject
Project("{FAE04EC0-301F-11D3-BF4B-00C04F79EFBC}") = "SaasFactory.Modules.Common", "Modules\Common\SaasFactory.Modules.Common\SaasFactory.Modules.Common.csproj", "{248B7FD2-350A-4D99-8CB2-3990D6FA7F36}"
EndProject
Project("{2150E333-8FDC-42A3-9474-1A3956D46DE8}") = "Authentication", "Authentication", "{8FFCF2A6-0AF2-4BE0-8901-AE4663295422}"
EndProject
Project("{FAE04EC0-301F-11D3-BF4B-00C04F79EFBC}") = "Modules.Examples.Bank.Account.Tests", "Modules\Examples\MVC Controllers\Modules.Examples.Bank.Account.Tests\Modules.Examples.Bank.Account.Tests.csproj", "{E093FB77-E11B-406A-A6DC-04DC217A98F9}"
EndProject
Project("{2150E333-8FDC-42A3-9474-1A3956D46DE8}") = "Features", "Features", "{02EA681E-C7D8-13C7-8484-4AC65E1B71E8}"
EndProject
Project("{FAE04EC0-301F-11D3-BF4B-00C04F79EFBC}") = "SaasFactory.EventSourcing.Contracts", "Features\Event Sourcing\SaasFactory.EventSourcing.Contracts\SaasFactory.EventSourcing.Contracts.csproj", "{48DB61AD-520D-46B1-D285-F51A70DF6AC7}"
EndProject
Project("{FAE04EC0-301F-11D3-BF4B-00C04F79EFBC}") = "SaasFactory.EventSourcing.Marten", "Features\Event Sourcing\SaasFactory.EventSourcing.Marten\SaasFactory.EventSourcing.Marten.csproj", "{91A016AD-4301-04FA-2E9B-7B1CBDE5D6D7}"
EndProject
Project("{FAE04EC0-301F-11D3-BF4B-00C04F79EFBC}") = "SaasFactory.Features.Authentication", "Features\Authentication\SaasFactory.Features.Authentication\SaasFactory.Features.Authentication.csproj", "{AF042A5B-3A7D-5D90-80E0-BCE4D7A28830}"
EndProject
Project("{2150E333-8FDC-42A3-9474-1A3956D46DE8}") = "UserSubscriptions", "UserSubscriptions", "{9E3040A0-ECC0-48EE-B050-72202D3124FB}"
EndProject
Project("{FAE04EC0-301F-11D3-BF4B-00C04F79EFBC}") = "SaasFactory.Features.UserSubscriptions.Tests", "Features\UserSubscriptions\SaasFactory.Features.UserSubscriptions.Tests\SaasFactory.Features.UserSubscriptions.Tests.csproj", "{4D056822-E33F-432A-BA3F-FCE4BDA2A1E2}"
EndProject
Project("{FAE04EC0-301F-11D3-BF4B-00C04F79EFBC}") = "SaasFactory.Shared.Testing", "Shared\SaasFactory.Shared.Testing\SaasFactory.Shared.Testing\SaasFactory.Shared.Testing.csproj", "{44F86820-21BA-4823-9030-37592CF7BAAF}"
EndProject
Project("{FAE04EC0-301F-11D3-BF4B-00C04F79EFBC}") = "SaasFactory.Features.UserSubscriptions", "Features\UserSubscriptions\SaasFactory.Features.UserSubscriptions\SaasFactory.Features.UserSubscriptions.csproj", "{D76DCD7E-9361-4867-AF63-9F950AC5C805}"
EndProject
Global
	GlobalSection(SolutionConfigurationPlatforms) = preSolution
		Debug|Any CPU = Debug|Any CPU
		Debug|x64 = Debug|x64
		Debug|x86 = Debug|x86
		Release|Any CPU = Release|Any CPU
		Release|x64 = Release|x64
		Release|x86 = Release|x86
	EndGlobalSection
	GlobalSection(ProjectConfigurationPlatforms) = postSolution
		{1671CFD4-6EAA-4B93-8D1C-A5247536BBB2}.Debug|Any CPU.ActiveCfg = Debug|Any CPU
		{1671CFD4-6EAA-4B93-8D1C-A5247536BBB2}.Debug|Any CPU.Build.0 = Debug|Any CPU
		{1671CFD4-6EAA-4B93-8D1C-A5247536BBB2}.Debug|x64.ActiveCfg = Debug|Any CPU
		{1671CFD4-6EAA-4B93-8D1C-A5247536BBB2}.Debug|x64.Build.0 = Debug|Any CPU
		{1671CFD4-6EAA-4B93-8D1C-A5247536BBB2}.Debug|x86.ActiveCfg = Debug|Any CPU
		{1671CFD4-6EAA-4B93-8D1C-A5247536BBB2}.Debug|x86.Build.0 = Debug|Any CPU
		{1671CFD4-6EAA-4B93-8D1C-A5247536BBB2}.Release|Any CPU.ActiveCfg = Release|Any CPU
		{1671CFD4-6EAA-4B93-8D1C-A5247536BBB2}.Release|Any CPU.Build.0 = Release|Any CPU
		{1671CFD4-6EAA-4B93-8D1C-A5247536BBB2}.Release|x64.ActiveCfg = Release|Any CPU
		{1671CFD4-6EAA-4B93-8D1C-A5247536BBB2}.Release|x64.Build.0 = Release|Any CPU
		{1671CFD4-6EAA-4B93-8D1C-A5247536BBB2}.Release|x86.ActiveCfg = Release|Any CPU
		{1671CFD4-6EAA-4B93-8D1C-A5247536BBB2}.Release|x86.Build.0 = Release|Any CPU
		{0DA9A977-C498-4DA4-B98C-AD7D78757BA3}.Debug|Any CPU.ActiveCfg = Debug|Any CPU
		{0DA9A977-C498-4DA4-B98C-AD7D78757BA3}.Debug|Any CPU.Build.0 = Debug|Any CPU
		{0DA9A977-C498-4DA4-B98C-AD7D78757BA3}.Debug|x64.ActiveCfg = Debug|Any CPU
		{0DA9A977-C498-4DA4-B98C-AD7D78757BA3}.Debug|x64.Build.0 = Debug|Any CPU
		{0DA9A977-C498-4DA4-B98C-AD7D78757BA3}.Debug|x86.ActiveCfg = Debug|Any CPU
		{0DA9A977-C498-4DA4-B98C-AD7D78757BA3}.Debug|x86.Build.0 = Debug|Any CPU
		{0DA9A977-C498-4DA4-B98C-AD7D78757BA3}.Release|Any CPU.ActiveCfg = Release|Any CPU
		{0DA9A977-C498-4DA4-B98C-AD7D78757BA3}.Release|Any CPU.Build.0 = Release|Any CPU
		{0DA9A977-C498-4DA4-B98C-AD7D78757BA3}.Release|x64.ActiveCfg = Release|Any CPU
		{0DA9A977-C498-4DA4-B98C-AD7D78757BA3}.Release|x64.Build.0 = Release|Any CPU
		{0DA9A977-C498-4DA4-B98C-AD7D78757BA3}.Release|x86.ActiveCfg = Release|Any CPU
		{0DA9A977-C498-4DA4-B98C-AD7D78757BA3}.Release|x86.Build.0 = Release|Any CPU
		{A6AFDA0A-D7C2-4396-B02E-DEBC1BFB82F9}.Debug|Any CPU.ActiveCfg = Debug|Any CPU
		{A6AFDA0A-D7C2-4396-B02E-DEBC1BFB82F9}.Debug|Any CPU.Build.0 = Debug|Any CPU
		{A6AFDA0A-D7C2-4396-B02E-DEBC1BFB82F9}.Debug|x64.ActiveCfg = Debug|Any CPU
		{A6AFDA0A-D7C2-4396-B02E-DEBC1BFB82F9}.Debug|x64.Build.0 = Debug|Any CPU
		{A6AFDA0A-D7C2-4396-B02E-DEBC1BFB82F9}.Debug|x86.ActiveCfg = Debug|Any CPU
		{A6AFDA0A-D7C2-4396-B02E-DEBC1BFB82F9}.Debug|x86.Build.0 = Debug|Any CPU
		{A6AFDA0A-D7C2-4396-B02E-DEBC1BFB82F9}.Release|Any CPU.ActiveCfg = Release|Any CPU
		{A6AFDA0A-D7C2-4396-B02E-DEBC1BFB82F9}.Release|Any CPU.Build.0 = Release|Any CPU
		{A6AFDA0A-D7C2-4396-B02E-DEBC1BFB82F9}.Release|x64.ActiveCfg = Release|Any CPU
		{A6AFDA0A-D7C2-4396-B02E-DEBC1BFB82F9}.Release|x64.Build.0 = Release|Any CPU
		{A6AFDA0A-D7C2-4396-B02E-DEBC1BFB82F9}.Release|x86.ActiveCfg = Release|Any CPU
		{A6AFDA0A-D7C2-4396-B02E-DEBC1BFB82F9}.Release|x86.Build.0 = Release|Any CPU
		{B01E5148-9B4D-4F67-9CB9-8E693DB5D352}.Debug|Any CPU.ActiveCfg = Debug|Any CPU
		{B01E5148-9B4D-4F67-9CB9-8E693DB5D352}.Debug|Any CPU.Build.0 = Debug|Any CPU
		{B01E5148-9B4D-4F67-9CB9-8E693DB5D352}.Debug|x64.ActiveCfg = Debug|Any CPU
		{B01E5148-9B4D-4F67-9CB9-8E693DB5D352}.Debug|x64.Build.0 = Debug|Any CPU
		{B01E5148-9B4D-4F67-9CB9-8E693DB5D352}.Debug|x86.ActiveCfg = Debug|Any CPU
		{B01E5148-9B4D-4F67-9CB9-8E693DB5D352}.Debug|x86.Build.0 = Debug|Any CPU
		{B01E5148-9B4D-4F67-9CB9-8E693DB5D352}.Release|Any CPU.ActiveCfg = Release|Any CPU
		{B01E5148-9B4D-4F67-9CB9-8E693DB5D352}.Release|Any CPU.Build.0 = Release|Any CPU
		{B01E5148-9B4D-4F67-9CB9-8E693DB5D352}.Release|x64.ActiveCfg = Release|Any CPU
		{B01E5148-9B4D-4F67-9CB9-8E693DB5D352}.Release|x64.Build.0 = Release|Any CPU
		{B01E5148-9B4D-4F67-9CB9-8E693DB5D352}.Release|x86.ActiveCfg = Release|Any CPU
		{B01E5148-9B4D-4F67-9CB9-8E693DB5D352}.Release|x86.Build.0 = Release|Any CPU
		{7E9745BD-AA25-41E8-B74E-E7A783C06C7F}.Debug|Any CPU.ActiveCfg = Debug|Any CPU
		{7E9745BD-AA25-41E8-B74E-E7A783C06C7F}.Debug|Any CPU.Build.0 = Debug|Any CPU
		{7E9745BD-AA25-41E8-B74E-E7A783C06C7F}.Debug|x64.ActiveCfg = Debug|Any CPU
		{7E9745BD-AA25-41E8-B74E-E7A783C06C7F}.Debug|x64.Build.0 = Debug|Any CPU
		{7E9745BD-AA25-41E8-B74E-E7A783C06C7F}.Debug|x86.ActiveCfg = Debug|Any CPU
		{7E9745BD-AA25-41E8-B74E-E7A783C06C7F}.Debug|x86.Build.0 = Debug|Any CPU
		{7E9745BD-AA25-41E8-B74E-E7A783C06C7F}.Release|Any CPU.ActiveCfg = Release|Any CPU
		{7E9745BD-AA25-41E8-B74E-E7A783C06C7F}.Release|Any CPU.Build.0 = Release|Any CPU
		{7E9745BD-AA25-41E8-B74E-E7A783C06C7F}.Release|x64.ActiveCfg = Release|Any CPU
		{7E9745BD-AA25-41E8-B74E-E7A783C06C7F}.Release|x64.Build.0 = Release|Any CPU
		{7E9745BD-AA25-41E8-B74E-E7A783C06C7F}.Release|x86.ActiveCfg = Release|Any CPU
		{7E9745BD-AA25-41E8-B74E-E7A783C06C7F}.Release|x86.Build.0 = Release|Any CPU
		{86C941B8-6733-4FB4-A0B3-CDE65DE0956A}.Debug|Any CPU.ActiveCfg = Debug|Any CPU
		{86C941B8-6733-4FB4-A0B3-CDE65DE0956A}.Debug|Any CPU.Build.0 = Debug|Any CPU
		{86C941B8-6733-4FB4-A0B3-CDE65DE0956A}.Debug|x64.ActiveCfg = Debug|Any CPU
		{86C941B8-6733-4FB4-A0B3-CDE65DE0956A}.Debug|x64.Build.0 = Debug|Any CPU
		{86C941B8-6733-4FB4-A0B3-CDE65DE0956A}.Debug|x86.ActiveCfg = Debug|Any CPU
		{86C941B8-6733-4FB4-A0B3-CDE65DE0956A}.Debug|x86.Build.0 = Debug|Any CPU
		{86C941B8-6733-4FB4-A0B3-CDE65DE0956A}.Release|Any CPU.ActiveCfg = Release|Any CPU
		{86C941B8-6733-4FB4-A0B3-CDE65DE0956A}.Release|Any CPU.Build.0 = Release|Any CPU
		{86C941B8-6733-4FB4-A0B3-CDE65DE0956A}.Release|x64.ActiveCfg = Release|Any CPU
		{86C941B8-6733-4FB4-A0B3-CDE65DE0956A}.Release|x64.Build.0 = Release|Any CPU
		{86C941B8-6733-4FB4-A0B3-CDE65DE0956A}.Release|x86.ActiveCfg = Release|Any CPU
		{86C941B8-6733-4FB4-A0B3-CDE65DE0956A}.Release|x86.Build.0 = Release|Any CPU
		{248B7FD2-350A-4D99-8CB2-3990D6FA7F36}.Debug|Any CPU.ActiveCfg = Debug|Any CPU
		{248B7FD2-350A-4D99-8CB2-3990D6FA7F36}.Debug|Any CPU.Build.0 = Debug|Any CPU
		{248B7FD2-350A-4D99-8CB2-3990D6FA7F36}.Debug|x64.ActiveCfg = Debug|Any CPU
		{248B7FD2-350A-4D99-8CB2-3990D6FA7F36}.Debug|x64.Build.0 = Debug|Any CPU
		{248B7FD2-350A-4D99-8CB2-3990D6FA7F36}.Debug|x86.ActiveCfg = Debug|Any CPU
		{248B7FD2-350A-4D99-8CB2-3990D6FA7F36}.Debug|x86.Build.0 = Debug|Any CPU
		{248B7FD2-350A-4D99-8CB2-3990D6FA7F36}.Release|Any CPU.ActiveCfg = Release|Any CPU
		{248B7FD2-350A-4D99-8CB2-3990D6FA7F36}.Release|Any CPU.Build.0 = Release|Any CPU
		{248B7FD2-350A-4D99-8CB2-3990D6FA7F36}.Release|x64.ActiveCfg = Release|Any CPU
		{248B7FD2-350A-4D99-8CB2-3990D6FA7F36}.Release|x64.Build.0 = Release|Any CPU
		{248B7FD2-350A-4D99-8CB2-3990D6FA7F36}.Release|x86.ActiveCfg = Release|Any CPU
		{248B7FD2-350A-4D99-8CB2-3990D6FA7F36}.Release|x86.Build.0 = Release|Any CPU
		{E093FB77-E11B-406A-A6DC-04DC217A98F9}.Debug|Any CPU.ActiveCfg = Debug|Any CPU
		{E093FB77-E11B-406A-A6DC-04DC217A98F9}.Debug|Any CPU.Build.0 = Debug|Any CPU
		{E093FB77-E11B-406A-A6DC-04DC217A98F9}.Debug|x64.ActiveCfg = Debug|Any CPU
		{E093FB77-E11B-406A-A6DC-04DC217A98F9}.Debug|x64.Build.0 = Debug|Any CPU
		{E093FB77-E11B-406A-A6DC-04DC217A98F9}.Debug|x86.ActiveCfg = Debug|Any CPU
		{E093FB77-E11B-406A-A6DC-04DC217A98F9}.Debug|x86.Build.0 = Debug|Any CPU
		{E093FB77-E11B-406A-A6DC-04DC217A98F9}.Release|Any CPU.ActiveCfg = Release|Any CPU
		{E093FB77-E11B-406A-A6DC-04DC217A98F9}.Release|Any CPU.Build.0 = Release|Any CPU
		{E093FB77-E11B-406A-A6DC-04DC217A98F9}.Release|x64.ActiveCfg = Release|Any CPU
		{E093FB77-E11B-406A-A6DC-04DC217A98F9}.Release|x64.Build.0 = Release|Any CPU
		{E093FB77-E11B-406A-A6DC-04DC217A98F9}.Release|x86.ActiveCfg = Release|Any CPU
		{E093FB77-E11B-406A-A6DC-04DC217A98F9}.Release|x86.Build.0 = Release|Any CPU
		{48DB61AD-520D-46B1-D285-F51A70DF6AC7}.Debug|Any CPU.ActiveCfg = Debug|Any CPU
		{48DB61AD-520D-46B1-D285-F51A70DF6AC7}.Debug|Any CPU.Build.0 = Debug|Any CPU
		{48DB61AD-520D-46B1-D285-F51A70DF6AC7}.Debug|x64.ActiveCfg = Debug|Any CPU
		{48DB61AD-520D-46B1-D285-F51A70DF6AC7}.Debug|x64.Build.0 = Debug|Any CPU
		{48DB61AD-520D-46B1-D285-F51A70DF6AC7}.Debug|x86.ActiveCfg = Debug|Any CPU
		{48DB61AD-520D-46B1-D285-F51A70DF6AC7}.Debug|x86.Build.0 = Debug|Any CPU
		{48DB61AD-520D-46B1-D285-F51A70DF6AC7}.Release|Any CPU.ActiveCfg = Release|Any CPU
		{48DB61AD-520D-46B1-D285-F51A70DF6AC7}.Release|Any CPU.Build.0 = Release|Any CPU
		{48DB61AD-520D-46B1-D285-F51A70DF6AC7}.Release|x64.ActiveCfg = Release|Any CPU
		{48DB61AD-520D-46B1-D285-F51A70DF6AC7}.Release|x64.Build.0 = Release|Any CPU
		{48DB61AD-520D-46B1-D285-F51A70DF6AC7}.Release|x86.ActiveCfg = Release|Any CPU
		{48DB61AD-520D-46B1-D285-F51A70DF6AC7}.Release|x86.Build.0 = Release|Any CPU
		{91A016AD-4301-04FA-2E9B-7B1CBDE5D6D7}.Debug|Any CPU.ActiveCfg = Debug|Any CPU
		{91A016AD-4301-04FA-2E9B-7B1CBDE5D6D7}.Debug|Any CPU.Build.0 = Debug|Any CPU
		{91A016AD-4301-04FA-2E9B-7B1CBDE5D6D7}.Debug|x64.ActiveCfg = Debug|Any CPU
		{91A016AD-4301-04FA-2E9B-7B1CBDE5D6D7}.Debug|x64.Build.0 = Debug|Any CPU
		{91A016AD-4301-04FA-2E9B-7B1CBDE5D6D7}.Debug|x86.ActiveCfg = Debug|Any CPU
		{91A016AD-4301-04FA-2E9B-7B1CBDE5D6D7}.Debug|x86.Build.0 = Debug|Any CPU
		{91A016AD-4301-04FA-2E9B-7B1CBDE5D6D7}.Release|Any CPU.ActiveCfg = Release|Any CPU
		{91A016AD-4301-04FA-2E9B-7B1CBDE5D6D7}.Release|Any CPU.Build.0 = Release|Any CPU
		{91A016AD-4301-04FA-2E9B-7B1CBDE5D6D7}.Release|x64.ActiveCfg = Release|Any CPU
		{91A016AD-4301-04FA-2E9B-7B1CBDE5D6D7}.Release|x64.Build.0 = Release|Any CPU
		{91A016AD-4301-04FA-2E9B-7B1CBDE5D6D7}.Release|x86.ActiveCfg = Release|Any CPU
		{91A016AD-4301-04FA-2E9B-7B1CBDE5D6D7}.Release|x86.Build.0 = Release|Any CPU
		{AF042A5B-3A7D-5D90-80E0-BCE4D7A28830}.Debug|Any CPU.ActiveCfg = Debug|Any CPU
		{AF042A5B-3A7D-5D90-80E0-BCE4D7A28830}.Debug|Any CPU.Build.0 = Debug|Any CPU
		{AF042A5B-3A7D-5D90-80E0-BCE4D7A28830}.Debug|x64.ActiveCfg = Debug|Any CPU
		{AF042A5B-3A7D-5D90-80E0-BCE4D7A28830}.Debug|x64.Build.0 = Debug|Any CPU
		{AF042A5B-3A7D-5D90-80E0-BCE4D7A28830}.Debug|x86.ActiveCfg = Debug|Any CPU
		{AF042A5B-3A7D-5D90-80E0-BCE4D7A28830}.Debug|x86.Build.0 = Debug|Any CPU
		{AF042A5B-3A7D-5D90-80E0-BCE4D7A28830}.Release|Any CPU.ActiveCfg = Release|Any CPU
		{AF042A5B-3A7D-5D90-80E0-BCE4D7A28830}.Release|Any CPU.Build.0 = Release|Any CPU
		{AF042A5B-3A7D-5D90-80E0-BCE4D7A28830}.Release|x64.ActiveCfg = Release|Any CPU
		{AF042A5B-3A7D-5D90-80E0-BCE4D7A28830}.Release|x64.Build.0 = Release|Any CPU
		{AF042A5B-3A7D-5D90-80E0-BCE4D7A28830}.Release|x86.ActiveCfg = Release|Any CPU
		{AF042A5B-3A7D-5D90-80E0-BCE4D7A28830}.Release|x86.Build.0 = Release|Any CPU
		{4D056822-E33F-432A-BA3F-FCE4BDA2A1E2}.Debug|Any CPU.ActiveCfg = Debug|Any CPU
		{4D056822-E33F-432A-BA3F-FCE4BDA2A1E2}.Debug|Any CPU.Build.0 = Debug|Any CPU
		{4D056822-E33F-432A-BA3F-FCE4BDA2A1E2}.Debug|x64.ActiveCfg = Debug|Any CPU
		{4D056822-E33F-432A-BA3F-FCE4BDA2A1E2}.Debug|x64.Build.0 = Debug|Any CPU
		{4D056822-E33F-432A-BA3F-FCE4BDA2A1E2}.Debug|x86.ActiveCfg = Debug|Any CPU
		{4D056822-E33F-432A-BA3F-FCE4BDA2A1E2}.Debug|x86.Build.0 = Debug|Any CPU
		{4D056822-E33F-432A-BA3F-FCE4BDA2A1E2}.Release|Any CPU.ActiveCfg = Release|Any CPU
		{4D056822-E33F-432A-BA3F-FCE4BDA2A1E2}.Release|Any CPU.Build.0 = Release|Any CPU
		{4D056822-E33F-432A-BA3F-FCE4BDA2A1E2}.Release|x64.ActiveCfg = Release|Any CPU
		{4D056822-E33F-432A-BA3F-FCE4BDA2A1E2}.Release|x64.Build.0 = Release|Any CPU
		{4D056822-E33F-432A-BA3F-FCE4BDA2A1E2}.Release|x86.ActiveCfg = Release|Any CPU
		{4D056822-E33F-432A-BA3F-FCE4BDA2A1E2}.Release|x86.Build.0 = Release|Any CPU
		{44F86820-21BA-4823-9030-37592CF7BAAF}.Debug|Any CPU.ActiveCfg = Debug|Any CPU
		{44F86820-21BA-4823-9030-37592CF7BAAF}.Debug|Any CPU.Build.0 = Debug|Any CPU
		{44F86820-21BA-4823-9030-37592CF7BAAF}.Debug|x64.ActiveCfg = Debug|Any CPU
		{44F86820-21BA-4823-9030-37592CF7BAAF}.Debug|x64.Build.0 = Debug|Any CPU
		{44F86820-21BA-4823-9030-37592CF7BAAF}.Debug|x86.ActiveCfg = Debug|Any CPU
		{44F86820-21BA-4823-9030-37592CF7BAAF}.Debug|x86.Build.0 = Debug|Any CPU
		{44F86820-21BA-4823-9030-37592CF7BAAF}.Release|Any CPU.ActiveCfg = Release|Any CPU
		{44F86820-21BA-4823-9030-37592CF7BAAF}.Release|Any CPU.Build.0 = Release|Any CPU
		{44F86820-21BA-4823-9030-37592CF7BAAF}.Release|x64.ActiveCfg = Release|Any CPU
		{44F86820-21BA-4823-9030-37592CF7BAAF}.Release|x64.Build.0 = Release|Any CPU
		{44F86820-21BA-4823-9030-37592CF7BAAF}.Release|x86.ActiveCfg = Release|Any CPU
		{44F86820-21BA-4823-9030-37592CF7BAAF}.Release|x86.Build.0 = Release|Any CPU
		{D76DCD7E-9361-4867-AF63-9F950AC5C805}.Debug|Any CPU.ActiveCfg = Debug|Any CPU
		{D76DCD7E-9361-4867-AF63-9F950AC5C805}.Debug|Any CPU.Build.0 = Debug|Any CPU
		{D76DCD7E-9361-4867-AF63-9F950AC5C805}.Debug|x64.ActiveCfg = Debug|Any CPU
		{D76DCD7E-9361-4867-AF63-9F950AC5C805}.Debug|x64.Build.0 = Debug|Any CPU
		{D76DCD7E-9361-4867-AF63-9F950AC5C805}.Debug|x86.ActiveCfg = Debug|Any CPU
		{D76DCD7E-9361-4867-AF63-9F950AC5C805}.Debug|x86.Build.0 = Debug|Any CPU
		{D76DCD7E-9361-4867-AF63-9F950AC5C805}.Release|Any CPU.ActiveCfg = Release|Any CPU
		{D76DCD7E-9361-4867-AF63-9F950AC5C805}.Release|Any CPU.Build.0 = Release|Any CPU
		{D76DCD7E-9361-4867-AF63-9F950AC5C805}.Release|x64.ActiveCfg = Release|Any CPU
		{D76DCD7E-9361-4867-AF63-9F950AC5C805}.Release|x64.Build.0 = Release|Any CPU
		{D76DCD7E-9361-4867-AF63-9F950AC5C805}.Release|x86.ActiveCfg = Release|Any CPU
		{D76DCD7E-9361-4867-AF63-9F950AC5C805}.Release|x86.Build.0 = Release|Any CPU
	EndGlobalSection
	GlobalSection(SolutionProperties) = preSolution
		HideSolutionNode = FALSE
	EndGlobalSection
	GlobalSection(NestedProjects) = preSolution
		{F830B7BF-91F7-4ECC-893E-1352F83D8989} = {02EA681E-C7D8-13C7-8484-4AC65E1B71E8}
		{8033ECB7-5BE0-4904-BDF3-4C8DADC4CC3A} = {87736412-D045-4242-9874-ADD1A57DEC83}
		{202EF6DF-5C30-4DF8-A94B-C4B4E5143FF5} = {8033ECB7-5BE0-4904-BDF3-4C8DADC4CC3A}
		{8EB662C2-D48B-40FE-8084-9FBFD5FA8966} = {8033ECB7-5BE0-4904-BDF3-4C8DADC4CC3A}
		{0DA9A977-C498-4DA4-B98C-AD7D78757BA3} = {8EB662C2-D48B-40FE-8084-9FBFD5FA8966}
		{A6AFDA0A-D7C2-4396-B02E-DEBC1BFB82F9} = {202EF6DF-5C30-4DF8-A94B-C4B4E5143FF5}
		{B01E5148-9B4D-4F67-9CB9-8E693DB5D352} = {759F6B7A-30B1-4905-A506-B735D8876556}
		{7E9745BD-AA25-41E8-B74E-E7A783C06C7F} = {759F6B7A-30B1-4905-A506-B735D8876556}
		{86C941B8-6733-4FB4-A0B3-CDE65DE0956A} = {140A56BF-3C1D-4613-87AA-AFF27D7F2AD6}
		{837D400F-4891-419D-8F37-0D54D759716C} = {87736412-D045-4242-9874-ADD1A57DEC83}
		{248B7FD2-350A-4D99-8CB2-3990D6FA7F36} = {837D400F-4891-419D-8F37-0D54D759716C}
		{8FFCF2A6-0AF2-4BE0-8901-AE4663295422} = {02EA681E-C7D8-13C7-8484-4AC65E1B71E8}
		{E093FB77-E11B-406A-A6DC-04DC217A98F9} = {202EF6DF-5C30-4DF8-A94B-C4B4E5143FF5}
		{48DB61AD-520D-46B1-D285-F51A70DF6AC7} = {F830B7BF-91F7-4ECC-893E-1352F83D8989}
		{91A016AD-4301-04FA-2E9B-7B1CBDE5D6D7} = {F830B7BF-91F7-4ECC-893E-1352F83D8989}
		{AF042A5B-3A7D-5D90-80E0-BCE4D7A28830} = {8FFCF2A6-0AF2-4BE0-8901-AE4663295422}
		{9E3040A0-ECC0-48EE-B050-72202D3124FB} = {02EA681E-C7D8-13C7-8484-4AC65E1B71E8}
		{4D056822-E33F-432A-BA3F-FCE4BDA2A1E2} = {9E3040A0-ECC0-48EE-B050-72202D3124FB}
		{44F86820-21BA-4823-9030-37592CF7BAAF} = {140A56BF-3C1D-4613-87AA-AFF27D7F2AD6}
		{D76DCD7E-9361-4867-AF63-9F950AC5C805} = {9E3040A0-ECC0-48EE-B050-72202D3124FB}
	EndGlobalSection
EndGlobal
